// !$*UTF8*$!
{
	archiveVersion = 1;
	classes = {
	};
	objectVersion = 50;
	objects = {

/* Begin PBXBuildFile section */
		316C0ACD26F1D38000565FF4 /* AppDelegate.swift in Sources */ = {isa = PBXBuildFile; fileRef = 316C0ACC26F1D37F00565FF4 /* AppDelegate.swift */; };
		316C0AD126F1D39700565FF4 /* ViewController.swift in Sources */ = {isa = PBXBuildFile; fileRef = 316C0AD026F1D39700565FF4 /* ViewController.swift */; };
		316C0AD426F1D3A500565FF4 /* Main.storyboard in Resources */ = {isa = PBXBuildFile; fileRef = 316C0AD226F1D3A400565FF4 /* Main.storyboard */; };
		316C0AD626F1D57D00565FF4 /* Assets.xcassets in Resources */ = {isa = PBXBuildFile; fileRef = 316C0AD526F1D57C00565FF4 /* Assets.xcassets */; };
		316C0AD926F1D57E00565FF4 /* LaunchScreen.storyboard in Resources */ = {isa = PBXBuildFile; fileRef = 316C0AD726F1D57E00565FF4 /* LaunchScreen.storyboard */; };
		316C0AE326F1F58000565FF4 /* Models.swift in Sources */ = {isa = PBXBuildFile; fileRef = 316C0AE226F1F58000565FF4 /* Models.swift */; };
		316C0AE626F1F5DD00565FF4 /* PersonFollowingTableViewCell.swift in Sources */ = {isa = PBXBuildFile; fileRef = 316C0AE526F1F5DD00565FF4 /* PersonFollowingTableViewCell.swift */; };
		316C0AE926F1FE9C00565FF4 /* PersonFollowingTableViewCellViewModel.swift in Sources */ = {isa = PBXBuildFile; fileRef = 316C0AE826F1FE9C00565FF4 /* PersonFollowingTableViewCellViewModel.swift */; };
/* End PBXBuildFile section */

/* Begin PBXFileReference section */
		316C0AC926F1D36500565FF4 /* MVVM_Example.app */ = {isa = PBXFileReference; explicitFileType = wrapper.application; includeInIndex = 0; path = MVVM_Example.app; sourceTree = BUILT_PRODUCTS_DIR; };
		316C0ACC26F1D37F00565FF4 /* AppDelegate.swift */ = {isa = PBXFileReference; lastKnownFileType = sourcecode.swift; path = AppDelegate.swift; sourceTree = "<group>"; };
		316C0AD026F1D39700565FF4 /* ViewController.swift */ = {isa = PBXFileReference; lastKnownFileType = sourcecode.swift; path = ViewController.swift; sourceTree = "<group>"; };
		316C0AD326F1D3A400565FF4 /* Base */ = {isa = PBXFileReference; lastKnownFileType = file.storyboard; name = Base; path = Base.lproj/Main.storyboard; sourceTree = "<group>"; };
		316C0AD526F1D57C00565FF4 /* Assets.xcassets */ = {isa = PBXFileReference; lastKnownFileType = folder.assetcatalog; path = Assets.xcassets; sourceTree = "<group>"; };
		316C0AD826F1D57E00565FF4 /* Base */ = {isa = PBXFileReference; lastKnownFileType = file.storyboard; name = Base; path = Base.lproj/LaunchScreen.storyboard; sourceTree = "<group>"; };
		316C0ADA26F1D57F00565FF4 /* Info.plist */ = {isa = PBXFileReference; lastKnownFileType = text.plist.xml; path = Info.plist; sourceTree = "<group>"; };
		316C0AE226F1F58000565FF4 /* Models.swift */ = {isa = PBXFileReference; lastKnownFileType = sourcecode.swift; path = Models.swift; sourceTree = "<group>"; };
		316C0AE526F1F5DD00565FF4 /* PersonFollowingTableViewCell.swift */ = {isa = PBXFileReference; lastKnownFileType = sourcecode.swift; path = PersonFollowingTableViewCell.swift; sourceTree = "<group>"; };
		316C0AE826F1FE9C00565FF4 /* PersonFollowingTableViewCellViewModel.swift */ = {isa = PBXFileReference; lastKnownFileType = sourcecode.swift; path = PersonFollowingTableViewCellViewModel.swift; sourceTree = "<group>"; };
/* End PBXFileReference section */

/* Begin PBXFrameworksBuildPhase section */
		316C0AC626F1D35100565FF4 /* Frameworks */ = {
			isa = PBXFrameworksBuildPhase;
			buildActionMask = 2147483647;
			files = (
			);
			runOnlyForDeploymentPostprocessing = 0;
		};
/* End PBXFrameworksBuildPhase section */

/* Begin PBXGroup section */
		316C0AC026F1D33300565FF4 = {
			isa = PBXGroup;
			children = (
				316C0ACB26F1D36C00565FF4 /* MVVM_Example */,
				316C0ACA26F1D36600565FF4 /* Products */,
			);
			sourceTree = "<group>";
		};
		316C0ACA26F1D36600565FF4 /* Products */ = {
			isa = PBXGroup;
			children = (
				316C0AC926F1D36500565FF4 /* MVVM_Example.app */,
			);
			name = Products;
			sourceTree = "<group>";
		};
		316C0ACB26F1D36C00565FF4 /* MVVM_Example */ = {
			isa = PBXGroup;
			children = (
				316C0ACC26F1D37F00565FF4 /* AppDelegate.swift */,
				316C0AE526F1F5DD00565FF4 /* PersonFollowingTableViewCell.swift */,
				316C0AE826F1FE9C00565FF4 /* PersonFollowingTableViewCellViewModel.swift */,
				316C0AE226F1F58000565FF4 /* Models.swift */,
				316C0AD026F1D39700565FF4 /* ViewController.swift */,
				316C0AD226F1D3A400565FF4 /* Main.storyboard */,
				316C0AD526F1D57C00565FF4 /* Assets.xcassets */,
				316C0AD726F1D57E00565FF4 /* LaunchScreen.storyboard */,
				316C0ADA26F1D57F00565FF4 /* Info.plist */,
			);
			path = MVVM_Example;
			sourceTree = "<group>";
		};
/* End PBXGroup section */

/* Begin PBXNativeTarget section */
		316C0AC826F1D35100565FF4 /* MVVM_Example */ = {
			isa = PBXNativeTarget;
			buildConfigurationList = 316C0ADD26F1D58000565FF4 /* Build configuration list for PBXNativeTarget "MVVM_Example" */;
			buildPhases = (
				316C0AC526F1D35100565FF4 /* Sources */,
				316C0AC626F1D35100565FF4 /* Frameworks */,
				316C0AC726F1D35100565FF4 /* Resources */,
			);
			buildRules = (
			);
			dependencies = (
			);
			name = MVVM_Example;
			productName = MVVM_Example;
			productReference = 316C0AC926F1D36500565FF4 /* MVVM_Example.app */;
			productType = "com.apple.product-type.application";
		};
/* End PBXNativeTarget section */

/* Begin PBXProject section */
		316C0AC126F1D33400565FF4 /* Project object */ = {
			isa = PBXProject;
			attributes = {
				LastSwiftUpdateCheck = 1240;
				LastUpgradeCheck = 1240;
				TargetAttributes = {
					316C0AC826F1D35100565FF4 = {
						CreatedOnToolsVersion = 12.4;
					};
				};
			};
			buildConfigurationList = 316C0AC426F1D33400565FF4 /* Build configuration list for PBXProject "MVVM_Example" */;
			compatibilityVersion = "Xcode 9.3";
			developmentRegion = en;
			hasScannedForEncodings = 0;
			knownRegions = (
				en,
				Base,
			);
			mainGroup = 316C0AC026F1D33300565FF4;
			productRefGroup = 316C0ACA26F1D36600565FF4 /* Products */;
			projectDirPath = "";
			projectRoot = "";
			targets = (
				316C0AC826F1D35100565FF4 /* MVVM_Example */,
			);
		};
/* End PBXProject section */

/* Begin PBXResourcesBuildPhase section */
		316C0AC726F1D35100565FF4 /* Resources */ = {
			isa = PBXResourcesBuildPhase;
			buildActionMask = 2147483647;
			files = (
				316C0AD926F1D57E00565FF4 /* LaunchScreen.storyboard in Resources */,
				316C0AD626F1D57D00565FF4 /* Assets.xcassets in Resources */,
				316C0AD426F1D3A500565FF4 /* Main.storyboard in Resources */,
			);
			runOnlyForDeploymentPostprocessing = 0;
		};
/* End PBXResourcesBuildPhase section */

/* Begin PBXSourcesBuildPhase section */
		316C0AC526F1D35100565FF4 /* Sources */ = {
			isa = PBXSourcesBuildPhase;
			buildActionMask = 2147483647;
			files = (
				316C0AE626F1F5DD00565FF4 /* PersonFollowingTableViewCell.swift in Sources */,
				316C0AE326F1F58000565FF4 /* Models.swift in Sources */,
				316C0AD126F1D39700565FF4 /* ViewController.swift in Sources */,
				316C0ACD26F1D38000565FF4 /* AppDelegate.swift in Sources */,
				316C0AE926F1FE9C00565FF4 /* PersonFollowingTableViewCellViewModel.swift in Sources */,
			);
			runOnlyForDeploymentPostprocessing = 0;
		};
/* End PBXSourcesBuildPhase section */

/* Begin PBXVariantGroup section */
		316C0AD226F1D3A400565FF4 /* Main.storyboard */ = {
			isa = PBXVariantGroup;
			children = (
				316C0AD326F1D3A400565FF4 /* Base */,
			);
			name = Main.storyboard;
			sourceTree = "<group>";
		};
		316C0AD726F1D57E00565FF4 /* LaunchScreen.storyboard */ = {
			isa = PBXVariantGroup;
			children = (
				316C0AD826F1D57E00565FF4 /* Base */,
			);
			name = LaunchScreen.storyboard;
			sourceTree = "<group>";
		};
/* End PBXVariantGroup section */

/* Begin XCBuildConfiguration section */
		316C0ADB26F1D57F00565FF4 /* Debug */ = {
			isa = XCBuildConfiguration;
			buildSettings = {
				ALWAYS_SEARCH_USER_PATHS = NO;
				CLANG_ANALYZER_NONNULL = YES;
				CLANG_ANALYZER_NUMBER_OBJECT_CONVERSION = YES_AGGRESSIVE;
				CLANG_CXX_LANGUAGE_STANDARD = "gnu++14";
				CLANG_CXX_LIBRARY = "libc++";
				CLANG_ENABLE_MODULES = YES;
				CLANG_ENABLE_OBJC_ARC = YES;
				CLANG_ENABLE_OBJC_WEAK = YES;
				CLANG_WARN_BLOCK_CAPTURE_AUTORELEASING = YES;
				CLANG_WARN_BOOL_CONVERSION = YES;
				CLANG_WARN_COMMA = YES;
				CLANG_WARN_CONSTANT_CONVERSION = YES;
				CLANG_WARN_DEPRECATED_OBJC_IMPLEMENTATIONS = YES;
				CLANG_WARN_DIRECT_OBJC_ISA_USAGE = YES_ERROR;
				CLANG_WARN_DOCUMENTATION_COMMENTS = YES;
				CLANG_WARN_EMPTY_BODY = YES;
				CLANG_WARN_ENUM_CONVERSION = YES;
				CLANG_WARN_INFINITE_RECURSION = YES;
				CLANG_WARN_INT_CONVERSION = YES;
				CLANG_WARN_NON_LITERAL_NULL_CONVERSION = YES;
				CLANG_WARN_OBJC_IMPLICIT_RETAIN_SELF = YES;
				CLANG_WARN_OBJC_LITERAL_CONVERSION = YES;
				CLANG_WARN_OBJC_ROOT_CLASS = YES_ERROR;
				CLANG_WARN_QUOTED_INCLUDE_IN_FRAMEWORK_HEADER = YES;
				CLANG_WARN_RANGE_LOOP_ANALYSIS = YES;
				CLANG_WARN_STRICT_PROTOTYPES = YES;
				CLANG_WARN_SUSPICIOUS_MOVE = YES;
				CLANG_WARN_UNGUARDED_AVAILABILITY = YES_AGGRESSIVE;
				CLANG_WARN_UNREACHABLE_CODE = YES;
				CLANG_WARN__DUPLICATE_METHOD_MATCH = YES;
				COPY_PHASE_STRIP = NO;
				DEBUG_INFORMATION_FORMAT = dwarf;
				ENABLE_STRICT_OBJC_MSGSEND = YES;
				ENABLE_TESTABILITY = YES;
				GCC_C_LANGUAGE_STANDARD = gnu11;
				GCC_DYNAMIC_NO_PIC = NO;
				GCC_NO_COMMON_BLOCKS = YES;
				GCC_OPTIMIZATION_LEVEL = 0;
				GCC_PREPROCESSOR_DEFINITIONS = (
					"DEBUG=1",
					"$(inherited)",
				);
				GCC_WARN_64_TO_32_BIT_CONVERSION = YES;
				GCC_WARN_ABOUT_RETURN_TYPE = YES_ERROR;
				GCC_WARN_UNDECLARED_SELECTOR = YES;
				GCC_WARN_UNINITIALIZED_AUTOS = YES_AGGRESSIVE;
				GCC_WARN_UNUSED_FUNCTION = YES;
				GCC_WARN_UNUSED_VARIABLE = YES;
				IPHONEOS_DEPLOYMENT_TARGET = 14.4;
				MTL_ENABLE_DEBUG_INFO = INCLUDE_SOURCE;
				MTL_FAST_MATH = YES;
				ONLY_ACTIVE_ARCH = YES;
				SDKROOT = iphoneos;
				SWIFT_ACTIVE_COMPILATION_CONDITIONS = DEBUG;
				SWIFT_OPTIMIZATION_LEVEL = "-Onone";
			};
			name = Debug;
		};
		316C0ADC26F1D58000565FF4 /* Release */ = {
			isa = XCBuildConfiguration;
			buildSettings = {
				ALWAYS_SEARCH_USER_PATHS = NO;
				CLANG_ANALYZER_NONNULL = YES;
				CLANG_ANALYZER_NUMBER_OBJECT_CONVERSION = YES_AGGRESSIVE;
				CLANG_CXX_LANGUAGE_STANDARD = "gnu++14";
				CLANG_CXX_LIBRARY = "libc++";
				CLANG_ENABLE_MODULES = YES;
				CLANG_ENABLE_OBJC_ARC = YES;
				CLANG_ENABLE_OBJC_WEAK = YES;
				CLANG_WARN_BLOCK_CAPTURE_AUTORELEASING = YES;
				CLANG_WARN_BOOL_CONVERSION = YES;
				CLANG_WARN_COMMA = YES;
				CLANG_WARN_CONSTANT_CONVERSION = YES;
				CLANG_WARN_DEPRECATED_OBJC_IMPLEMENTATIONS = YES;
				CLANG_WARN_DIRECT_OBJC_ISA_USAGE = YES_ERROR;
				CLANG_WARN_DOCUMENTATION_COMMENTS = YES;
				CLANG_WARN_EMPTY_BODY = YES;
				CLANG_WARN_ENUM_CONVERSION = YES;
				CLANG_WARN_INFINITE_RECURSION = YES;
				CLANG_WARN_INT_CONVERSION = YES;
				CLANG_WARN_NON_LITERAL_NULL_CONVERSION = YES;
				CLANG_WARN_OBJC_IMPLICIT_RETAIN_SELF = YES;
				CLANG_WARN_OBJC_LITERAL_CONVERSION = YES;
				CLANG_WARN_OBJC_ROOT_CLASS = YES_ERROR;
				CLANG_WARN_QUOTED_INCLUDE_IN_FRAMEWORK_HEADER = YES;
				CLANG_WARN_RANGE_LOOP_ANALYSIS = YES;
				CLANG_WARN_STRICT_PROTOTYPES = YES;
				CLANG_WARN_SUSPICIOUS_MOVE = YES;
				CLANG_WARN_UNGUARDED_AVAILABILITY = YES_AGGRESSIVE;
				CLANG_WARN_UNREACHABLE_CODE = YES;
				CLANG_WARN__DUPLICATE_METHOD_MATCH = YES;
				COPY_PHASE_STRIP = NO;
				DEBUG_INFORMATION_FORMAT = "dwarf-with-dsym";
				ENABLE_NS_ASSERTIONS = NO;
				ENABLE_STRICT_OBJC_MSGSEND = YES;
				GCC_C_LANGUAGE_STANDARD = gnu11;
				GCC_NO_COMMON_BLOCKS = YES;
				GCC_WARN_64_TO_32_BIT_CONVERSION = YES;
				GCC_WARN_ABOUT_RETURN_TYPE = YES_ERROR;
				GCC_WARN_UNDECLARED_SELECTOR = YES;
				GCC_WARN_UNINITIALIZED_AUTOS = YES_AGGRESSIVE;
				GCC_WARN_UNUSED_FUNCTION = YES;
				GCC_WARN_UNUSED_VARIABLE = YES;
				IPHONEOS_DEPLOYMENT_TARGET = 14.4;
				MTL_ENABLE_DEBUG_INFO = NO;
				MTL_FAST_MATH = YES;
				SDKROOT = iphoneos;
				SWIFT_COMPILATION_MODE = wholemodule;
				SWIFT_OPTIMIZATION_LEVEL = "-O";
				VALIDATE_PRODUCT = YES;
			};
			name = Release;
		};
		316C0ADE26F1D58000565FF4 /* Debug */ = {
			isa = XCBuildConfiguration;
			buildSettings = {
				ASSETCATALOG_COMPILER_APPICON_NAME = AppIcon;
				ASSETCATALOG_COMPILER_GLOBAL_ACCENT_COLOR_NAME = AccentColor;
				CODE_SIGN_STYLE = Automatic;
				INFOPLIST_FILE = MVVM_Example/Info.plist;
				LD_RUNPATH_SEARCH_PATHS = (
					"$(inherited)",
					"@executable_path/Frameworks",
				);
				PRODUCT_BUNDLE_IDENTIFIER = "akanksha.MVVM-Example";
				PRODUCT_NAME = "$(TARGET_NAME)";
				SWIFT_VERSION = 5.0;
				TARGETED_DEVICE_FAMILY = "1,2";
			};
			name = Debug;
		};
		316C0ADF26F1D58000565FF4 /* Release */ = {
			isa = XCBuildConfiguration;
			buildSettings = {
				ASSETCATALOG_COMPILER_APPICON_NAME = AppIcon;
				ASSETCATALOG_COMPILER_GLOBAL_ACCENT_COLOR_NAME = AccentColor;
				CODE_SIGN_STYLE = Automatic;
				INFOPLIST_FILE = MVVM_Example/Info.plist;
				LD_RUNPATH_SEARCH_PATHS = (
					"$(inherited)",
					"@executable_path/Frameworks",
				);
				PRODUCT_BUNDLE_IDENTIFIER = "akanksha.MVVM-Example";
				PRODUCT_NAME = "$(TARGET_NAME)";
				SWIFT_VERSION = 5.0;
				TARGETED_DEVICE_FAMILY = "1,2";
			};
			name = Release;
		};
/* End XCBuildConfiguration section */

/* Begin XCConfigurationList section */
		316C0AC426F1D33400565FF4 /* Build configuration list for PBXProject "MVVM_Example" */ = {
			isa = XCConfigurationList;
			buildConfigurations = (
				316C0ADB26F1D57F00565FF4 /* Debug */,
				316C0ADC26F1D58000565FF4 /* Release */,
			);
			defaultConfigurationIsVisible = 0;
			defaultConfigurationName = Release;
		};
		316C0ADD26F1D58000565FF4 /* Build configuration list for PBXNativeTarget "MVVM_Example" */ = {
			isa = XCConfigurationList;
			buildConfigurations = (
				316C0ADE26F1D58000565FF4 /* Debug */,
				316C0ADF26F1D58000565FF4 /* Release */,
			);
			defaultConfigurationIsVisible = 0;
			defaultConfigurationName = Release;
		};
/* End XCConfigurationList section */
	};
	rootObject = 316C0AC126F1D33400565FF4 /* Project object */;
}
